// !$*UTF8*$!
{
	archiveVersion = 1;
	classes = {
	};
	objectVersion = 55;
	objects = {

/* Begin PBXBuildFile section */
		047369B6284BBE8A00398CAA /* ListSongs.swift in Sources */ = {isa = PBXBuildFile; fileRef = 047369B5284BBE8A00398CAA /* ListSongs.swift */; };
		047369BB284BEC3000398CAA /* TableViewCell.swift in Sources */ = {isa = PBXBuildFile; fileRef = 047369BA284BEC3000398CAA /* TableViewCell.swift */; };
		047369C1284BF9F800398CAA /* Music.swift in Sources */ = {isa = PBXBuildFile; fileRef = 047369C0284BF9F800398CAA /* Music.swift */; };
		047369C5284CB79800398CAA /* Maya-Jane-Coles-Bo&Wing.mp3 in Resources */ = {isa = PBXBuildFile; fileRef = 047369C4284CB79800398CAA /* Maya-Jane-Coles-Bo&Wing.mp3 */; };
		047369C7284CB84000398CAA /* Anivar-Taksi.mp3 in Resources */ = {isa = PBXBuildFile; fileRef = 047369C6284CB84000398CAA /* Anivar-Taksi.mp3 */; };
		047369C9284CC38D00398CAA /* Masha-Pjatnica-Dusha.mp3 in Resources */ = {isa = PBXBuildFile; fileRef = 047369C8284CC38D00398CAA /* Masha-Pjatnica-Dusha.mp3 */; };
		04A6C0A82846C6F100234FFE /* AppDelegate.swift in Sources */ = {isa = PBXBuildFile; fileRef = 04A6C0A72846C6F100234FFE /* AppDelegate.swift */; };
		04A6C0AA2846C6F100234FFE /* SceneDelegate.swift in Sources */ = {isa = PBXBuildFile; fileRef = 04A6C0A92846C6F100234FFE /* SceneDelegate.swift */; };
		04A6C0AF2846C6F100234FFE /* Main.storyboard in Resources */ = {isa = PBXBuildFile; fileRef = 04A6C0AD2846C6F100234FFE /* Main.storyboard */; };
		04A6C0B12846C6F400234FFE /* Assets.xcassets in Resources */ = {isa = PBXBuildFile; fileRef = 04A6C0B02846C6F400234FFE /* Assets.xcassets */; };
		04A6C0B42846C6F400234FFE /* LaunchScreen.storyboard in Resources */ = {isa = PBXBuildFile; fileRef = 04A6C0B22846C6F400234FFE /* LaunchScreen.storyboard */; };
		04A6C0BC2847840900234FFE /* PlayerViewController.swift in Sources */ = {isa = PBXBuildFile; fileRef = 04A6C0BB2847840900234FFE /* PlayerViewController.swift */; };
/* End PBXBuildFile section */

/* Begin PBXFileReference section */
		047369B5284BBE8A00398CAA /* ListSongs.swift */ = {isa = PBXFileReference; lastKnownFileType = sourcecode.swift; path = ListSongs.swift; sourceTree = "<group>"; };
		047369BA284BEC3000398CAA /* TableViewCell.swift */ = {isa = PBXFileReference; lastKnownFileType = sourcecode.swift; path = TableViewCell.swift; sourceTree = "<group>"; };
		047369C0284BF9F800398CAA /* Music.swift */ = {isa = PBXFileReference; lastKnownFileType = sourcecode.swift; path = Music.swift; sourceTree = "<group>"; };
		047369C4284CB79800398CAA /* Maya-Jane-Coles-Bo&Wing.mp3 */ = {isa = PBXFileReference; lastKnownFileType = audio.mp3; path = "Maya-Jane-Coles-Bo&Wing.mp3"; sourceTree = "<group>"; };
		047369C6284CB84000398CAA /* Anivar-Taksi.mp3 */ = {isa = PBXFileReference; lastKnownFileType = audio.mp3; path = "Anivar-Taksi.mp3"; sourceTree = "<group>"; };
		047369C8284CC38D00398CAA /* Masha-Pjatnica-Dusha.mp3 */ = {isa = PBXFileReference; lastKnownFileType = audio.mp3; path = "Masha-Pjatnica-Dusha.mp3"; sourceTree = "<group>"; };
		04A6C0A42846C6F100234FFE /* audioPlayer.app */ = {isa = PBXFileReference; explicitFileType = wrapper.application; includeInIndex = 0; path = audioPlayer.app; sourceTree = BUILT_PRODUCTS_DIR; };
		04A6C0A72846C6F100234FFE /* AppDelegate.swift */ = {isa = PBXFileReference; lastKnownFileType = sourcecode.swift; path = AppDelegate.swift; sourceTree = "<group>"; };
		04A6C0A92846C6F100234FFE /* SceneDelegate.swift */ = {isa = PBXFileReference; lastKnownFileType = sourcecode.swift; path = SceneDelegate.swift; sourceTree = "<group>"; };
		04A6C0AE2846C6F100234FFE /* Base */ = {isa = PBXFileReference; lastKnownFileType = file.storyboard; name = Base; path = Base.lproj/Main.storyboard; sourceTree = "<group>"; };
		04A6C0B02846C6F400234FFE /* Assets.xcassets */ = {isa = PBXFileReference; lastKnownFileType = folder.assetcatalog; path = Assets.xcassets; sourceTree = "<group>"; };
		04A6C0B32846C6F400234FFE /* Base */ = {isa = PBXFileReference; lastKnownFileType = file.storyboard; name = Base; path = Base.lproj/LaunchScreen.storyboard; sourceTree = "<group>"; };
		04A6C0B52846C6F400234FFE /* Info.plist */ = {isa = PBXFileReference; lastKnownFileType = text.plist.xml; path = Info.plist; sourceTree = "<group>"; };
		04A6C0BB2847840900234FFE /* PlayerViewController.swift */ = {isa = PBXFileReference; lastKnownFileType = sourcecode.swift; path = PlayerViewController.swift; sourceTree = "<group>"; };
/* End PBXFileReference section */

/* Begin PBXFrameworksBuildPhase section */
		04A6C0A12846C6F100234FFE /* Frameworks */ = {
			isa = PBXFrameworksBuildPhase;
			buildActionMask = 2147483647;
			files = (
			);
			runOnlyForDeploymentPostprocessing = 0;
		};
/* End PBXFrameworksBuildPhase section */

/* Begin PBXGroup section */
		047369B9284BDDBC00398CAA /* Sounds */ = {
			isa = PBXGroup;
			children = (
				047369C6284CB84000398CAA /* Anivar-Taksi.mp3 */,
				047369C4284CB79800398CAA /* Maya-Jane-Coles-Bo&Wing.mp3 */,
				047369C8284CC38D00398CAA /* Masha-Pjatnica-Dusha.mp3 */,
			);
			path = Sounds;
			sourceTree = "<group>";
		};
		047369CA284CC3F000398CAA /* Cell */ = {
			isa = PBXGroup;
			children = (
				047369BA284BEC3000398CAA /* TableViewCell.swift */,
			);
			path = Cell;
			sourceTree = "<group>";
		};
		047369CB284CC40700398CAA /* Controller */ = {
			isa = PBXGroup;
			children = (
				047369B5284BBE8A00398CAA /* ListSongs.swift */,
				04A6C0BB2847840900234FFE /* PlayerViewController.swift */,
			);
			path = Controller;
			sourceTree = "<group>";
		};
		047369CC284CC41C00398CAA /* Model */ = {
			isa = PBXGroup;
			children = (
				047369C0284BF9F800398CAA /* Music.swift */,
			);
			path = Model;
			sourceTree = "<group>";
		};
		04A6C09B2846C6F100234FFE = {
			isa = PBXGroup;
			children = (
				04A6C0A62846C6F100234FFE /* audioPlayer */,
				04A6C0A52846C6F100234FFE /* Products */,
			);
			sourceTree = "<group>";
		};
		04A6C0A52846C6F100234FFE /* Products */ = {
			isa = PBXGroup;
			children = (
				04A6C0A42846C6F100234FFE /* audioPlayer.app */,
			);
			name = Products;
			sourceTree = "<group>";
		};
		04A6C0A62846C6F100234FFE /* audioPlayer */ = {
			isa = PBXGroup;
			children = (
				047369B9284BDDBC00398CAA /* Sounds */,
				04A6C0A72846C6F100234FFE /* AppDelegate.swift */,
				04A6C0A92846C6F100234FFE /* SceneDelegate.swift */,
				047369CB284CC40700398CAA /* Controller */,
				047369CA284CC3F000398CAA /* Cell */,
				047369CC284CC41C00398CAA /* Model */,
				04A6C0AD2846C6F100234FFE /* Main.storyboard */,
				04A6C0B02846C6F400234FFE /* Assets.xcassets */,
				04A6C0B22846C6F400234FFE /* LaunchScreen.storyboard */,
				04A6C0B52846C6F400234FFE /* Info.plist */,
			);
			path = audioPlayer;
			sourceTree = "<group>";
		};
/* End PBXGroup section */

/* Begin PBXNativeTarget section */
		04A6C0A32846C6F100234FFE /* audioPlayer */ = {
			isa = PBXNativeTarget;
			buildConfigurationList = 04A6C0B82846C6F400234FFE /* Build configuration list for PBXNativeTarget "audioPlayer" */;
			buildPhases = (
				04A6C0A02846C6F100234FFE /* Sources */,
				04A6C0A12846C6F100234FFE /* Frameworks */,
				04A6C0A22846C6F100234FFE /* Resources */,
			);
			buildRules = (
			);
			dependencies = (
			);
			name = audioPlayer;
			productName = audioPlayer;
			productReference = 04A6C0A42846C6F100234FFE /* audioPlayer.app */;
			productType = "com.apple.product-type.application";
		};
/* End PBXNativeTarget section */

/* Begin PBXProject section */
		04A6C09C2846C6F100234FFE /* Project object */ = {
			isa = PBXProject;
			attributes = {
				BuildIndependentTargetsInParallel = 1;
				LastSwiftUpdateCheck = 1340;
				LastUpgradeCheck = 1340;
				TargetAttributes = {
					04A6C0A32846C6F100234FFE = {
						CreatedOnToolsVersion = 13.4;
					};
				};
			};
			buildConfigurationList = 04A6C09F2846C6F100234FFE /* Build configuration list for PBXProject "audioPlayer" */;
			compatibilityVersion = "Xcode 13.0";
			developmentRegion = en;
			hasScannedForEncodings = 0;
			knownRegions = (
				en,
				Base,
			);
			mainGroup = 04A6C09B2846C6F100234FFE;
			productRefGroup = 04A6C0A52846C6F100234FFE /* Products */;
			projectDirPath = "";
			projectRoot = "";
			targets = (
				04A6C0A32846C6F100234FFE /* audioPlayer */,
			);
		};
/* End PBXProject section */

/* Begin PBXResourcesBuildPhase section */
		04A6C0A22846C6F100234FFE /* Resources */ = {
			isa = PBXResourcesBuildPhase;
			buildActionMask = 2147483647;
			files = (
				04A6C0B42846C6F400234FFE /* LaunchScreen.storyboard in Resources */,
				047369C7284CB84000398CAA /* Anivar-Taksi.mp3 in Resources */,
				047369C5284CB79800398CAA /* Maya-Jane-Coles-Bo&Wing.mp3 in Resources */,
				04A6C0B12846C6F400234FFE /* Assets.xcassets in Resources */,
				04A6C0AF2846C6F100234FFE /* Main.storyboard in Resources */,
				047369C9284CC38D00398CAA /* Masha-Pjatnica-Dusha.mp3 in Resources */,
			);
			runOnlyForDeploymentPostprocessing = 0;
		};
/* End PBXResourcesBuildPhase section */

/* Begin PBXSourcesBuildPhase section */
		04A6C0A02846C6F100234FFE /* Sources */ = {
			isa = PBXSourcesBuildPhase;
			buildActionMask = 2147483647;
			files = (
				047369B6284BBE8A00398CAA /* ListSongs.swift in Sources */,
				04A6C0BC2847840900234FFE /* PlayerViewController.swift in Sources */,
				047369BB284BEC3000398CAA /* TableViewCell.swift in Sources */,
				04A6C0A82846C6F100234FFE /* AppDelegate.swift in Sources */,
				04A6C0AA2846C6F100234FFE /* SceneDelegate.swift in Sources */,
				047369C1284BF9F800398CAA /* Music.swift in Sources */,
			);
			runOnlyForDeploymentPostprocessing = 0;
		};
/* End PBXSourcesBuildPhase section */

/* Begin PBXVariantGroup section */
		04A6C0AD2846C6F100234FFE /* Main.storyboard */ = {
			isa = PBXVariantGroup;
			children = (
				04A6C0AE2846C6F100234FFE /* Base */,
			);
			name = Main.storyboard;
			sourceTree = "<group>";
		};
		04A6C0B22846C6F400234FFE /* LaunchScreen.storyboard */ = {
			isa = PBXVariantGroup;
			children = (
				04A6C0B32846C6F400234FFE /* Base */,
			);
			name = LaunchScreen.storyboard;
			sourceTree = "<group>";
		};
/* End PBXVariantGroup section */

/* Begin XCBuildConfiguration section */
		04A6C0B62846C6F400234FFE /* Debug */ = {
			isa = XCBuildConfiguration;
			buildSettings = {
				ALWAYS_SEARCH_USER_PATHS = NO;
				CLANG_ANALYZER_NONNULL = YES;
				CLANG_ANALYZER_NUMBER_OBJECT_CONVERSION = YES_AGGRESSIVE;
				CLANG_CXX_LANGUAGE_STANDARD = "gnu++17";
				CLANG_ENABLE_MODULES = YES;
				CLANG_ENABLE_OBJC_ARC = YES;
				CLANG_ENABLE_OBJC_WEAK = YES;
				CLANG_WARN_BLOCK_CAPTURE_AUTORELEASING = YES;
				CLANG_WARN_BOOL_CONVERSION = YES;
				CLANG_WARN_COMMA = YES;
				CLANG_WARN_CONSTANT_CONVERSION = YES;
				CLANG_WARN_DEPRECATED_OBJC_IMPLEMENTATIONS = YES;
				CLANG_WARN_DIRECT_OBJC_ISA_USAGE = YES_ERROR;
				CLANG_WARN_DOCUMENTATION_COMMENTS = YES;
				CLANG_WARN_EMPTY_BODY = YES;
				CLANG_WARN_ENUM_CONVERSION = YES;
				CLANG_WARN_INFINITE_RECURSION = YES;
				CLANG_WARN_INT_CONVERSION = YES;
				CLANG_WARN_NON_LITERAL_NULL_CONVERSION = YES;
				CLANG_WARN_OBJC_IMPLICIT_RETAIN_SELF = YES;
				CLANG_WARN_OBJC_LITERAL_CONVERSION = YES;
				CLANG_WARN_OBJC_ROOT_CLASS = YES_ERROR;
				CLANG_WARN_QUOTED_INCLUDE_IN_FRAMEWORK_HEADER = YES;
				CLANG_WARN_RANGE_LOOP_ANALYSIS = YES;
				CLANG_WARN_STRICT_PROTOTYPES = YES;
				CLANG_WARN_SUSPICIOUS_MOVE = YES;
				CLANG_WARN_UNGUARDED_AVAILABILITY = YES_AGGRESSIVE;
				CLANG_WARN_UNREACHABLE_CODE = YES;
				CLANG_WARN__DUPLICATE_METHOD_MATCH = YES;
				COPY_PHASE_STRIP = NO;
				DEBUG_INFORMATION_FORMAT = dwarf;
				ENABLE_STRICT_OBJC_MSGSEND = YES;
				ENABLE_TESTABILITY = YES;
				GCC_C_LANGUAGE_STANDARD = gnu11;
				GCC_DYNAMIC_NO_PIC = NO;
				GCC_NO_COMMON_BLOCKS = YES;
				GCC_OPTIMIZATION_LEVEL = 0;
				GCC_PREPROCESSOR_DEFINITIONS = (
					"DEBUG=1",
					"$(inherited)",
				);
				GCC_WARN_64_TO_32_BIT_CONVERSION = YES;
				GCC_WARN_ABOUT_RETURN_TYPE = YES_ERROR;
				GCC_WARN_UNDECLARED_SELECTOR = YES;
				GCC_WARN_UNINITIALIZED_AUTOS = YES_AGGRESSIVE;
				GCC_WARN_UNUSED_FUNCTION = YES;
				GCC_WARN_UNUSED_VARIABLE = YES;
				IPHONEOS_DEPLOYMENT_TARGET = 15.5;
				MTL_ENABLE_DEBUG_INFO = INCLUDE_SOURCE;
				MTL_FAST_MATH = YES;
				ONLY_ACTIVE_ARCH = YES;
				SDKROOT = iphoneos;
				SWIFT_ACTIVE_COMPILATION_CONDITIONS = DEBUG;
				SWIFT_OPTIMIZATION_LEVEL = "-Onone";
			};
			name = Debug;
		};
		04A6C0B72846C6F400234FFE /* Release */ = {
			isa = XCBuildConfiguration;
			buildSettings = {
				ALWAYS_SEARCH_USER_PATHS = NO;
				CLANG_ANALYZER_NONNULL = YES;
				CLANG_ANALYZER_NUMBER_OBJECT_CONVERSION = YES_AGGRESSIVE;
				CLANG_CXX_LANGUAGE_STANDARD = "gnu++17";
				CLANG_ENABLE_MODULES = YES;
				CLANG_ENABLE_OBJC_ARC = YES;
				CLANG_ENABLE_OBJC_WEAK = YES;
				CLANG_WARN_BLOCK_CAPTURE_AUTORELEASING = YES;
				CLANG_WARN_BOOL_CONVERSION = YES;
				CLANG_WARN_COMMA = YES;
				CLANG_WARN_CONSTANT_CONVERSION = YES;
				CLANG_WARN_DEPRECATED_OBJC_IMPLEMENTATIONS = YES;
				CLANG_WARN_DIRECT_OBJC_ISA_USAGE = YES_ERROR;
				CLANG_WARN_DOCUMENTATION_COMMENTS = YES;
				CLANG_WARN_EMPTY_BODY = YES;
				CLANG_WARN_ENUM_CONVERSION = YES;
				CLANG_WARN_INFINITE_RECURSION = YES;
				CLANG_WARN_INT_CONVERSION = YES;
				CLANG_WARN_NON_LITERAL_NULL_CONVERSION = YES;
				CLANG_WARN_OBJC_IMPLICIT_RETAIN_SELF = YES;
				CLANG_WARN_OBJC_LITERAL_CONVERSION = YES;
				CLANG_WARN_OBJC_ROOT_CLASS = YES_ERROR;
				CLANG_WARN_QUOTED_INCLUDE_IN_FRAMEWORK_HEADER = YES;
				CLANG_WARN_RANGE_LOOP_ANALYSIS = YES;
				CLANG_WARN_STRICT_PROTOTYPES = YES;
				CLANG_WARN_SUSPICIOUS_MOVE = YES;
				CLANG_WARN_UNGUARDED_AVAILABILITY = YES_AGGRESSIVE;
				CLANG_WARN_UNREACHABLE_CODE = YES;
				CLANG_WARN__DUPLICATE_METHOD_MATCH = YES;
				COPY_PHASE_STRIP = NO;
				DEBUG_INFORMATION_FORMAT = "dwarf-with-dsym";
				ENABLE_NS_ASSERTIONS = NO;
				ENABLE_STRICT_OBJC_MSGSEND = YES;
				GCC_C_LANGUAGE_STANDARD = gnu11;
				GCC_NO_COMMON_BLOCKS = YES;
				GCC_WARN_64_TO_32_BIT_CONVERSION = YES;
				GCC_WARN_ABOUT_RETURN_TYPE = YES_ERROR;
				GCC_WARN_UNDECLARED_SELECTOR = YES;
				GCC_WARN_UNINITIALIZED_AUTOS = YES_AGGRESSIVE;
				GCC_WARN_UNUSED_FUNCTION = YES;
				GCC_WARN_UNUSED_VARIABLE = YES;
				IPHONEOS_DEPLOYMENT_TARGET = 15.5;
				MTL_ENABLE_DEBUG_INFO = NO;
				MTL_FAST_MATH = YES;
				SDKROOT = iphoneos;
				SWIFT_COMPILATION_MODE = wholemodule;
				SWIFT_OPTIMIZATION_LEVEL = "-O";
				VALIDATE_PRODUCT = YES;
			};
			name = Release;
		};
		04A6C0B92846C6F400234FFE /* Debug */ = {
			isa = XCBuildConfiguration;
			buildSettings = {
				ASSETCATALOG_COMPILER_APPICON_NAME = AppIcon;
				ASSETCATALOG_COMPILER_GLOBAL_ACCENT_COLOR_NAME = AccentColor;
				CODE_SIGN_STYLE = Automatic;
				CURRENT_PROJECT_VERSION = 1;
				DEVELOPMENT_TEAM = UZKS7NF756;
				GENERATE_INFOPLIST_FILE = YES;
				INFOPLIST_FILE = audioPlayer/Info.plist;
				INFOPLIST_KEY_UIApplicationSupportsIndirectInputEvents = YES;
				INFOPLIST_KEY_UILaunchStoryboardName = LaunchScreen;
				INFOPLIST_KEY_UISupportedInterfaceOrientations = UIInterfaceOrientationPortrait;
				INFOPLIST_KEY_UISupportedInterfaceOrientations_iPad = "UIInterfaceOrientationPortrait UIInterfaceOrientationPortraitUpsideDown UIInterfaceOrientationLandscapeLeft UIInterfaceOrientationLandscapeRight";
				INFOPLIST_KEY_UISupportedInterfaceOrientations_iPhone = "UIInterfaceOrientationPortrait UIInterfaceOrientationLandscapeLeft UIInterfaceOrientationLandscapeRight";
				LD_RUNPATH_SEARCH_PATHS = (
					"$(inherited)",
					"@executable_path/Frameworks",
				);
				MARKETING_VERSION = 1.0;
				PRODUCT_BUNDLE_IDENTIFIER = "-.audioPlayer";
				PRODUCT_NAME = "$(TARGET_NAME)";
				SWIFT_EMIT_LOC_STRINGS = YES;
				SWIFT_VERSION = 5.0;
				TARGETED_DEVICE_FAMILY = 1;
			};
			name = Debug;
		};
		04A6C0BA2846C6F400234FFE /* Release */ = {
			isa = XCBuildConfiguration;
			buildSettings = {
				ASSETCATALOG_COMPILER_APPICON_NAME = AppIcon;
				ASSETCATALOG_COMPILER_GLOBAL_ACCENT_COLOR_NAME = AccentColor;
				CODE_SIGN_STYLE = Automatic;
				CURRENT_PROJECT_VERSION = 1;
				DEVELOPMENT_TEAM = UZKS7NF756;
				GENERATE_INFOPLIST_FILE = YES;
				INFOPLIST_FILE = audioPlayer/Info.plist;
				INFOPLIST_KEY_UIApplicationSupportsIndirectInputEvents = YES;
				INFOPLIST_KEY_UILaunchStoryboardName = LaunchScreen;
				INFOPLIST_KEY_UISupportedInterfaceOrientations = UIInterfaceOrientationPortrait;
				INFOPLIST_KEY_UISupportedInterfaceOrientations_iPad = "UIInterfaceOrientationPortrait UIInterfaceOrientationPortraitUpsideDown UIInterfaceOrientationLandscapeLeft UIInterfaceOrientationLandscapeRight";
				INFOPLIST_KEY_UISupportedInterfaceOrientations_iPhone = "UIInterfaceOrientationPortrait UIInterfaceOrientationLandscapeLeft UIInterfaceOrientationLandscapeRight";
				LD_RUNPATH_SEARCH_PATHS = (
					"$(inherited)",
					"@executable_path/Frameworks",
				);
				MARKETING_VERSION = 1.0;
				PRODUCT_BUNDLE_IDENTIFIER = "-.audioPlayer";
				PRODUCT_NAME = "$(TARGET_NAME)";
				SWIFT_EMIT_LOC_STRINGS = YES;
				SWIFT_VERSION = 5.0;
				TARGETED_DEVICE_FAMILY = 1;
			};
			name = Release;
		};
/* End XCBuildConfiguration section */

/* Begin XCConfigurationList section */
		04A6C09F2846C6F100234FFE /* Build configuration list for PBXProject "audioPlayer" */ = {
			isa = XCConfigurationList;
			buildConfigurations = (
				04A6C0B62846C6F400234FFE /* Debug */,
				04A6C0B72846C6F400234FFE /* Release */,
			);
			defaultConfigurationIsVisible = 0;
			defaultConfigurationName = Release;
		};
		04A6C0B82846C6F400234FFE /* Build configuration list for PBXNativeTarget "audioPlayer" */ = {
			isa = XCConfigurationList;
			buildConfigurations = (
				04A6C0B92846C6F400234FFE /* Debug */,
				04A6C0BA2846C6F400234FFE /* Release */,
			);
			defaultConfigurationIsVisible = 0;
			defaultConfigurationName = Release;
		};
/* End XCConfigurationList section */
	};
	rootObject = 04A6C09C2846C6F100234FFE /* Project object */;
}
